{
  "name": "cypress-axe",
  "version": "0.5.3",
  "lockfileVersion": 1,
  "requires": true,
  "dependencies": {
    "axe-core": {
      "version": "3.1.2",
      "resolved": "https://registry.npmjs.org/axe-core/-/axe-core-3.1.2.tgz",
      "integrity": "sha512-e1WVs0SQu3tM29J9a/mISGvlo2kdCStE+yffIAJF6eb42FS+eUFEVz9j4rgDeV2TAfPJmuOZdRetWYycIbK7Vg==",
      "dev": true
    }
  }
}
